
Microsoft Visual Studio Solution File, Format Version 12.00
#
Project("{FAE04EC0-301F-11D3-BF4B-00C04F79EFBC}") = "Module.Api", "Module.Api\Module.Api.csproj", "{D6EFD85F-E5D3-45C7-B4FE-2F626B4EBBB4}"
EndProject
Project("{FAE04EC0-301F-11D3-BF4B-00C04F79EFBC}") = "Module.Common", "Module.Common\Module.Common.csproj", "{8747D0B5-7083-4A6D-BA73-0E2D8063DBF5}"
EndProject
Project("{2150E333-8FDC-42A3-9474-1A3956D46DE8}") = "ModuleA", "ModuleA", "{765AA1C0-A336-418C-B4F8-DACD3CC3279F}"
EndProject
Project("{FAE04EC0-301F-11D3-BF4B-00C04F79EFBC}") = "Module.A.Api", "Module.A.Api\Module.A.Api.csproj", "{B42039A6-7837-4971-90C9-98CB573B29AF}"
EndProject
Project("{FAE04EC0-301F-11D3-BF4B-00C04F79EFBC}") = "Module.A", "Module.A\Module.A.csproj", "{A04AF3F2-17DF-484C-B215-2F107A1E7957}"
EndProject
Project("{FAE04EC0-301F-11D3-BF4B-00C04F79EFBC}") = "Module.A.Domain", "Module.A.Domain\Module.A.Domain.csproj", "{891C5FCC-A695-4D75-9781-38B98CF2494E}"
EndProject
Project("{FAE04EC0-301F-11D3-BF4B-00C04F79EFBC}") = "Module.A.Infrastructure", "Module.A.Infrastructure\Module.A.Infrastructure.csproj", "{671F315C-497B-4675-99E2-1BB2B45C3C8A}"
EndProject
Project("{FAE04EC0-301F-11D3-BF4B-00C04F79EFBC}") = "Module.A.Application", "Module.A.Application\Module.A.Application.csproj", "{D3C8FBFE-C98B-46E9-A79E-17EC2295FE4E}"
EndProject
Project("{2150E333-8FDC-42A3-9474-1A3956D46DE8}") = "ModuleB", "ModuleB", "{9C20B56C-DE9C-410F-A4C0-5C4ADC52F9F4}"
EndProject
Project("{FAE04EC0-301F-11D3-BF4B-00C04F79EFBC}") = "Module.B", "Module.B\Module.B.csproj", "{46C12FD7-8065-4E50-A30B-EBC0CB5359C8}"
EndProject
Project("{FAE04EC0-301F-11D3-BF4B-00C04F79EFBC}") = "Module.B.Api", "Module.B.Api\Module.B.Api.csproj", "{C953381E-A149-4C03-8468-0B3DDC2F7231}"
EndProject
Global
	GlobalSection(SolutionConfigurationPlatforms) = preSolution
		Debug|Any CPU = Debug|Any CPU
		Release|Any CPU = Release|Any CPU
	EndGlobalSection
	GlobalSection(ProjectConfigurationPlatforms) = postSolution
		{D6EFD85F-E5D3-45C7-B4FE-2F626B4EBBB4}.Debug|Any CPU.ActiveCfg = Debug|Any CPU
		{D6EFD85F-E5D3-45C7-B4FE-2F626B4EBBB4}.Debug|Any CPU.Build.0 = Debug|Any CPU
		{D6EFD85F-E5D3-45C7-B4FE-2F626B4EBBB4}.Release|Any CPU.ActiveCfg = Release|Any CPU
		{D6EFD85F-E5D3-45C7-B4FE-2F626B4EBBB4}.Release|Any CPU.Build.0 = Release|Any CPU
		{8747D0B5-7083-4A6D-BA73-0E2D8063DBF5}.Debug|Any CPU.ActiveCfg = Debug|Any CPU
		{8747D0B5-7083-4A6D-BA73-0E2D8063DBF5}.Debug|Any CPU.Build.0 = Debug|Any CPU
		{8747D0B5-7083-4A6D-BA73-0E2D8063DBF5}.Release|Any CPU.ActiveCfg = Release|Any CPU
		{8747D0B5-7083-4A6D-BA73-0E2D8063DBF5}.Release|Any CPU.Build.0 = Release|Any CPU
		{B42039A6-7837-4971-90C9-98CB573B29AF}.Debug|Any CPU.ActiveCfg = Debug|Any CPU
		{B42039A6-7837-4971-90C9-98CB573B29AF}.Debug|Any CPU.Build.0 = Debug|Any CPU
		{B42039A6-7837-4971-90C9-98CB573B29AF}.Release|Any CPU.ActiveCfg = Release|Any CPU
		{B42039A6-7837-4971-90C9-98CB573B29AF}.Release|Any CPU.Build.0 = Release|Any CPU
		{A04AF3F2-17DF-484C-B215-2F107A1E7957}.Debug|Any CPU.ActiveCfg = Debug|Any CPU
		{A04AF3F2-17DF-484C-B215-2F107A1E7957}.Debug|Any CPU.Build.0 = Debug|Any CPU
		{A04AF3F2-17DF-484C-B215-2F107A1E7957}.Release|Any CPU.ActiveCfg = Release|Any CPU
		{A04AF3F2-17DF-484C-B215-2F107A1E7957}.Release|Any CPU.Build.0 = Release|Any CPU
		{891C5FCC-A695-4D75-9781-38B98CF2494E}.Debug|Any CPU.ActiveCfg = Debug|Any CPU
		{891C5FCC-A695-4D75-9781-38B98CF2494E}.Debug|Any CPU.Build.0 = Debug|Any CPU
		{891C5FCC-A695-4D75-9781-38B98CF2494E}.Release|Any CPU.ActiveCfg = Release|Any CPU
		{891C5FCC-A695-4D75-9781-38B98CF2494E}.Release|Any CPU.Build.0 = Release|Any CPU
		{671F315C-497B-4675-99E2-1BB2B45C3C8A}.Debug|Any CPU.ActiveCfg = Debug|Any CPU
		{671F315C-497B-4675-99E2-1BB2B45C3C8A}.Debug|Any CPU.Build.0 = Debug|Any CPU
		{671F315C-497B-4675-99E2-1BB2B45C3C8A}.Release|Any CPU.ActiveCfg = Release|Any CPU
		{671F315C-497B-4675-99E2-1BB2B45C3C8A}.Release|Any CPU.Build.0 = Release|Any CPU
		{D3C8FBFE-C98B-46E9-A79E-17EC2295FE4E}.Debug|Any CPU.ActiveCfg = Debug|Any CPU
		{D3C8FBFE-C98B-46E9-A79E-17EC2295FE4E}.Debug|Any CPU.Build.0 = Debug|Any CPU
		{D3C8FBFE-C98B-46E9-A79E-17EC2295FE4E}.Release|Any CPU.ActiveCfg = Release|Any CPU
		{D3C8FBFE-C98B-46E9-A79E-17EC2295FE4E}.Release|Any CPU.Build.0 = Release|Any CPU
		{46C12FD7-8065-4E50-A30B-EBC0CB5359C8}.Debug|Any CPU.ActiveCfg = Debug|Any CPU
		{46C12FD7-8065-4E50-A30B-EBC0CB5359C8}.Debug|Any CPU.Build.0 = Debug|Any CPU
		{46C12FD7-8065-4E50-A30B-EBC0CB5359C8}.Release|Any CPU.ActiveCfg = Release|Any CPU
		{46C12FD7-8065-4E50-A30B-EBC0CB5359C8}.Release|Any CPU.Build.0 = Release|Any CPU
		{C953381E-A149-4C03-8468-0B3DDC2F7231}.Debug|Any CPU.ActiveCfg = Debug|Any CPU
		{C953381E-A149-4C03-8468-0B3DDC2F7231}.Debug|Any CPU.Build.0 = Debug|Any CPU
		{C953381E-A149-4C03-8468-0B3DDC2F7231}.Release|Any CPU.ActiveCfg = Release|Any CPU
		{C953381E-A149-4C03-8468-0B3DDC2F7231}.Release|Any CPU.Build.0 = Release|Any CPU
	EndGlobalSection
	GlobalSection(NestedProjects) = preSolution
		{B42039A6-7837-4971-90C9-98CB573B29AF} = {765AA1C0-A336-418C-B4F8-DACD3CC3279F}
		{A04AF3F2-17DF-484C-B215-2F107A1E7957} = {765AA1C0-A336-418C-B4F8-DACD3CC3279F}
		{891C5FCC-A695-4D75-9781-38B98CF2494E} = {765AA1C0-A336-418C-B4F8-DACD3CC3279F}
		{671F315C-497B-4675-99E2-1BB2B45C3C8A} = {765AA1C0-A336-418C-B4F8-DACD3CC3279F}
		{D3C8FBFE-C98B-46E9-A79E-17EC2295FE4E} = {765AA1C0-A336-418C-B4F8-DACD3CC3279F}
		{46C12FD7-8065-4E50-A30B-EBC0CB5359C8} = {9C20B56C-DE9C-410F-A4C0-5C4ADC52F9F4}
		{C953381E-A149-4C03-8468-0B3DDC2F7231} = {9C20B56C-DE9C-410F-A4C0-5C4ADC52F9F4}
	EndGlobalSection
EndGlobal
